
Microsoft Visual Studio Solution File, Format Version 12.00
# Visual Studio Version 16
VisualStudioVersion = 16.0.30011.22
MinimumVisualStudioVersion = 10.0.40219.1
Project("{9A19103F-16F7-4668-BE54-9A1E7A4F7556}") = "HelloWorld", "HelloWorld\HelloWorld.csproj", "{CA5FB4B4-C8AE-41D8-B8EA-5BC7A627ED23}"
EndProject
Project("{9A19103F-16F7-4668-BE54-9A1E7A4F7556}") = "WindowSampleOpenToolkit", "WindowSampleOpenToolkit\WindowSampleOpenToolkit.csproj", "{20E5F84F-F2B0-4AF1-9A2E-B6D38032C8BC}"
EndProject
Project("{9A19103F-16F7-4668-BE54-9A1E7A4F7556}") = "WindowSampleSilkNet", "WindowSampleSilkNet\WindowSampleSilkNet.csproj", "{69D9CEB5-5DF2-4BF4-8D09-90312723EE75}"
EndProject
Project("{FAE04EC0-301F-11D3-BF4B-00C04F79EFBC}") = "MenuSample", "MenuSample\MenuSample.csproj", "{4B1CBEA3-7AB2-4EE1-A443-034D94EB1B5B}"
EndProject
Global
	GlobalSection(SolutionConfigurationPlatforms) = preSolution
		Debug|Any CPU = Debug|Any CPU
		Release|Any CPU = Release|Any CPU
	EndGlobalSection
	GlobalSection(ProjectConfigurationPlatforms) = postSolution
		{CA5FB4B4-C8AE-41D8-B8EA-5BC7A627ED23}.Debug|Any CPU.ActiveCfg = Debug|Any CPU
		{CA5FB4B4-C8AE-41D8-B8EA-5BC7A627ED23}.Debug|Any CPU.Build.0 = Debug|Any CPU
		{CA5FB4B4-C8AE-41D8-B8EA-5BC7A627ED23}.Release|Any CPU.ActiveCfg = Release|Any CPU
		{CA5FB4B4-C8AE-41D8-B8EA-5BC7A627ED23}.Release|Any CPU.Build.0 = Release|Any CPU
		{20E5F84F-F2B0-4AF1-9A2E-B6D38032C8BC}.Debug|Any CPU.ActiveCfg = Debug|Any CPU
		{20E5F84F-F2B0-4AF1-9A2E-B6D38032C8BC}.Debug|Any CPU.Build.0 = Debug|Any CPU
		{20E5F84F-F2B0-4AF1-9A2E-B6D38032C8BC}.Release|Any CPU.ActiveCfg = Release|Any CPU
		{20E5F84F-F2B0-4AF1-9A2E-B6D38032C8BC}.Release|Any CPU.Build.0 = Release|Any CPU
		{69D9CEB5-5DF2-4BF4-8D09-90312723EE75}.Debug|Any CPU.ActiveCfg = Debug|Any CPU
		{69D9CEB5-5DF2-4BF4-8D09-90312723EE75}.Debug|Any CPU.Build.0 = Debug|Any CPU
		{69D9CEB5-5DF2-4BF4-8D09-90312723EE75}.Release|Any CPU.ActiveCfg = Release|Any CPU
		{69D9CEB5-5DF2-4BF4-8D09-90312723EE75}.Release|Any CPU.Build.0 = Release|Any CPU
		{4B1CBEA3-7AB2-4EE1-A443-034D94EB1B5B}.Debug|Any CPU.ActiveCfg = Debug|Any CPU
		{4B1CBEA3-7AB2-4EE1-A443-034D94EB1B5B}.Debug|Any CPU.Build.0 = Debug|Any CPU
		{4B1CBEA3-7AB2-4EE1-A443-034D94EB1B5B}.Release|Any CPU.ActiveCfg = Release|Any CPU
		{4B1CBEA3-7AB2-4EE1-A443-034D94EB1B5B}.Release|Any CPU.Build.0 = Release|Any CPU
	EndGlobalSection
	GlobalSection(SolutionProperties) = preSolution
		HideSolutionNode = FALSE
	EndGlobalSection
	GlobalSection(ExtensibilityGlobals) = postSolution
		SolutionGuid = {AE906D62-A30E-464C-BCF6-06235F43BEE1}
	EndGlobalSection
EndGlobal
