
Microsoft Visual Studio Solution File, Format Version 12.00
# Visual Studio Version 16
VisualStudioVersion = 16.0.30011.22
MinimumVisualStudioVersion = 10.0.40219.1
Project("{9A19103F-16F7-4668-BE54-9A1E7A4F7556}") = "HelloWorld", "HelloWorld\HelloWorld.csproj", "{CA5FB4B4-C8AE-41D8-B8EA-5BC7A627ED23}"
EndProject
Project("{9A19103F-16F7-4668-BE54-9A1E7A4F7556}") = "WindowSampleOpenToolkit", "WindowSampleOpenToolkit\WindowSampleOpenToolkit.csproj", "{20E5F84F-F2B0-4AF1-9A2E-B6D38032C8BC}"
EndProject
Project("{9A19103F-16F7-4668-BE54-9A1E7A4F7556}") = "WindowSampleSilkNet", "WindowSampleSilkNet\WindowSampleSilkNet.csproj", "{69D9CEB5-5DF2-4BF4-8D09-90312723EE75}"
EndProject
Project("{9A19103F-16F7-4668-BE54-9A1E7A4F7556}") = "MenuSample", "MenuSample\MenuSample.csproj", "{4B1CBEA3-7AB2-4EE1-A443-034D94EB1B5B}"
EndProject
Project("{9A19103F-16F7-4668-BE54-9A1E7A4F7556}") = "OpenALSharedSilkNet", "OpenALSharedSilkNet\OpenALSharedSilkNet.csproj", "{3E3F9144-4B0D-44AA-B182-C89E9F22E490}"
EndProject
Project("{D954291E-2A0B-460D-934E-DC6B0785DB48}") = "AudioHelpers", "AudioHelpers\AudioHelpers.shproj", "{25601E51-6DA6-4377-B081-B082D58B0DA1}"
EndProject
Project("{9A19103F-16F7-4668-BE54-9A1E7A4F7556}") = "OpenALPrivateSilkNet", "OpenALPrivateSilkNet\OpenALPrivateSilkNet.csproj", "{F6397017-4308-462B-8D12-EDC6FF7609B0}"
EndProject
Project("{9A19103F-16F7-4668-BE54-9A1E7A4F7556}") = "OpenALSharedOpenToolkit", "OpenALSharedOpenToolkit\OpenALSharedOpenToolkit.csproj", "{29996C64-1B7E-4923-BC79-277BCD2F2DCD}"
EndProject
Project("{9A19103F-16F7-4668-BE54-9A1E7A4F7556}") = "OpenALPrivateOpenToolkit", "OpenALPrivateOpenToolkit\OpenALPrivateOpenToolkit.csproj", "{FF1D9C09-0D53-48A9-A6C3-39B983160E08}"
EndProject
Project("{FAE04EC0-301F-11D3-BF4B-00C04F79EFBC}") = "WidgetsSample", "WidgetsSample\WidgetsSample.csproj", "{5CB3BCB9-96A3-42DA-929D-148350D53976}"
EndProject
Global
	GlobalSection(SharedMSBuildProjectFiles) = preSolution
		AudioHelpers\AudioHelpers.projitems*{25601e51-6da6-4377-b081-b082d58b0da1}*SharedItemsImports = 13
		AudioHelpers\AudioHelpers.projitems*{29996c64-1b7e-4923-bc79-277bcd2f2dcd}*SharedItemsImports = 5
		AudioHelpers\AudioHelpers.projitems*{3e3f9144-4b0d-44aa-b182-c89e9f22e490}*SharedItemsImports = 5
		AudioHelpers\AudioHelpers.projitems*{f6397017-4308-462b-8d12-edc6ff7609b0}*SharedItemsImports = 5
		AudioHelpers\AudioHelpers.projitems*{ff1d9c09-0d53-48a9-a6c3-39b983160e08}*SharedItemsImports = 5
	EndGlobalSection
	GlobalSection(SolutionConfigurationPlatforms) = preSolution
		Debug|Any CPU = Debug|Any CPU
		Release|Any CPU = Release|Any CPU
	EndGlobalSection
	GlobalSection(ProjectConfigurationPlatforms) = postSolution
		{CA5FB4B4-C8AE-41D8-B8EA-5BC7A627ED23}.Debug|Any CPU.ActiveCfg = Debug|Any CPU
		{CA5FB4B4-C8AE-41D8-B8EA-5BC7A627ED23}.Debug|Any CPU.Build.0 = Debug|Any CPU
		{CA5FB4B4-C8AE-41D8-B8EA-5BC7A627ED23}.Release|Any CPU.ActiveCfg = Release|Any CPU
		{CA5FB4B4-C8AE-41D8-B8EA-5BC7A627ED23}.Release|Any CPU.Build.0 = Release|Any CPU
		{20E5F84F-F2B0-4AF1-9A2E-B6D38032C8BC}.Debug|Any CPU.ActiveCfg = Debug|Any CPU
		{20E5F84F-F2B0-4AF1-9A2E-B6D38032C8BC}.Debug|Any CPU.Build.0 = Debug|Any CPU
		{20E5F84F-F2B0-4AF1-9A2E-B6D38032C8BC}.Release|Any CPU.ActiveCfg = Release|Any CPU
		{20E5F84F-F2B0-4AF1-9A2E-B6D38032C8BC}.Release|Any CPU.Build.0 = Release|Any CPU
		{69D9CEB5-5DF2-4BF4-8D09-90312723EE75}.Debug|Any CPU.ActiveCfg = Debug|Any CPU
		{69D9CEB5-5DF2-4BF4-8D09-90312723EE75}.Debug|Any CPU.Build.0 = Debug|Any CPU
		{69D9CEB5-5DF2-4BF4-8D09-90312723EE75}.Release|Any CPU.ActiveCfg = Release|Any CPU
		{69D9CEB5-5DF2-4BF4-8D09-90312723EE75}.Release|Any CPU.Build.0 = Release|Any CPU
		{4B1CBEA3-7AB2-4EE1-A443-034D94EB1B5B}.Debug|Any CPU.ActiveCfg = Debug|Any CPU
		{4B1CBEA3-7AB2-4EE1-A443-034D94EB1B5B}.Debug|Any CPU.Build.0 = Debug|Any CPU
		{4B1CBEA3-7AB2-4EE1-A443-034D94EB1B5B}.Release|Any CPU.ActiveCfg = Release|Any CPU
		{4B1CBEA3-7AB2-4EE1-A443-034D94EB1B5B}.Release|Any CPU.Build.0 = Release|Any CPU
		{3E3F9144-4B0D-44AA-B182-C89E9F22E490}.Debug|Any CPU.ActiveCfg = Debug|Any CPU
		{3E3F9144-4B0D-44AA-B182-C89E9F22E490}.Debug|Any CPU.Build.0 = Debug|Any CPU
		{3E3F9144-4B0D-44AA-B182-C89E9F22E490}.Release|Any CPU.ActiveCfg = Release|Any CPU
		{3E3F9144-4B0D-44AA-B182-C89E9F22E490}.Release|Any CPU.Build.0 = Release|Any CPU
		{F6397017-4308-462B-8D12-EDC6FF7609B0}.Debug|Any CPU.ActiveCfg = Debug|Any CPU
		{F6397017-4308-462B-8D12-EDC6FF7609B0}.Debug|Any CPU.Build.0 = Debug|Any CPU
		{F6397017-4308-462B-8D12-EDC6FF7609B0}.Release|Any CPU.ActiveCfg = Release|Any CPU
		{F6397017-4308-462B-8D12-EDC6FF7609B0}.Release|Any CPU.Build.0 = Release|Any CPU
		{29996C64-1B7E-4923-BC79-277BCD2F2DCD}.Debug|Any CPU.ActiveCfg = Debug|Any CPU
		{29996C64-1B7E-4923-BC79-277BCD2F2DCD}.Debug|Any CPU.Build.0 = Debug|Any CPU
		{29996C64-1B7E-4923-BC79-277BCD2F2DCD}.Release|Any CPU.ActiveCfg = Release|Any CPU
		{29996C64-1B7E-4923-BC79-277BCD2F2DCD}.Release|Any CPU.Build.0 = Release|Any CPU
		{FF1D9C09-0D53-48A9-A6C3-39B983160E08}.Debug|Any CPU.ActiveCfg = Debug|Any CPU
		{FF1D9C09-0D53-48A9-A6C3-39B983160E08}.Debug|Any CPU.Build.0 = Debug|Any CPU
		{FF1D9C09-0D53-48A9-A6C3-39B983160E08}.Release|Any CPU.ActiveCfg = Release|Any CPU
		{FF1D9C09-0D53-48A9-A6C3-39B983160E08}.Release|Any CPU.Build.0 = Release|Any CPU
		{5CB3BCB9-96A3-42DA-929D-148350D53976}.Debug|Any CPU.ActiveCfg = Debug|Any CPU
		{5CB3BCB9-96A3-42DA-929D-148350D53976}.Debug|Any CPU.Build.0 = Debug|Any CPU
		{5CB3BCB9-96A3-42DA-929D-148350D53976}.Release|Any CPU.ActiveCfg = Release|Any CPU
		{5CB3BCB9-96A3-42DA-929D-148350D53976}.Release|Any CPU.Build.0 = Release|Any CPU
	EndGlobalSection
	GlobalSection(SolutionProperties) = preSolution
		HideSolutionNode = FALSE
	EndGlobalSection
	GlobalSection(ExtensibilityGlobals) = postSolution
		SolutionGuid = {AE906D62-A30E-464C-BCF6-06235F43BEE1}
	EndGlobalSection
EndGlobal
