
Microsoft Visual Studio Solution File, Format Version 12.00
# Visual Studio Version 16
VisualStudioVersion = 16.0.30011.22
MinimumVisualStudioVersion = 10.0.40219.1
Project("{9A19103F-16F7-4668-BE54-9A1E7A4F7556}") = "HelloWorld", "HelloWorld\HelloWorld.csproj", "{CA5FB4B4-C8AE-41D8-B8EA-5BC7A627ED23}"
EndProject
Global
	GlobalSection(SolutionConfigurationPlatforms) = preSolution
		Debug|Any CPU = Debug|Any CPU
		Release|Any CPU = Release|Any CPU
	EndGlobalSection
	GlobalSection(ProjectConfigurationPlatforms) = postSolution
		{CA5FB4B4-C8AE-41D8-B8EA-5BC7A627ED23}.Debug|Any CPU.ActiveCfg = Debug|Any CPU
		{CA5FB4B4-C8AE-41D8-B8EA-5BC7A627ED23}.Debug|Any CPU.Build.0 = Debug|Any CPU
		{CA5FB4B4-C8AE-41D8-B8EA-5BC7A627ED23}.Release|Any CPU.ActiveCfg = Release|Any CPU
		{CA5FB4B4-C8AE-41D8-B8EA-5BC7A627ED23}.Release|Any CPU.Build.0 = Release|Any CPU
	EndGlobalSection
	GlobalSection(SolutionProperties) = preSolution
		HideSolutionNode = FALSE
	EndGlobalSection
	GlobalSection(ExtensibilityGlobals) = postSolution
		SolutionGuid = {AE906D62-A30E-464C-BCF6-06235F43BEE1}
	EndGlobalSection
EndGlobal
