
Microsoft Visual Studio Solution File, Format Version 12.00
# Visual Studio Version 16
VisualStudioVersion = 16.0.29613.14
MinimumVisualStudioVersion = 10.0.40219.1
Project("{9A19103F-16F7-4668-BE54-9A1E7A4F7556}") = "BindingsGenerator", "BindingsGenerator\BindingsGenerator.csproj", "{246F6C01-0CF6-4D65-8FF0-4FE4B2A4EA8A}"
EndProject
Project("{FAE04EC0-301F-11D3-BF4B-00C04F79EFBC}") = "XP.Tool", "XP.Tool\XP.Tool.csproj", "{6CBE6897-B982-4283-AF9A-A8A0F2FE0590}"
EndProject
Global
	GlobalSection(SolutionConfigurationPlatforms) = preSolution
		Debug|Any CPU = Debug|Any CPU
		Release|Any CPU = Release|Any CPU
	EndGlobalSection
	GlobalSection(ProjectConfigurationPlatforms) = postSolution
		{246F6C01-0CF6-4D65-8FF0-4FE4B2A4EA8A}.Debug|Any CPU.ActiveCfg = Debug|Any CPU
		{246F6C01-0CF6-4D65-8FF0-4FE4B2A4EA8A}.Debug|Any CPU.Build.0 = Debug|Any CPU
		{246F6C01-0CF6-4D65-8FF0-4FE4B2A4EA8A}.Release|Any CPU.ActiveCfg = Release|Any CPU
		{246F6C01-0CF6-4D65-8FF0-4FE4B2A4EA8A}.Release|Any CPU.Build.0 = Release|Any CPU
		{6CBE6897-B982-4283-AF9A-A8A0F2FE0590}.Debug|Any CPU.ActiveCfg = Debug|Any CPU
		{6CBE6897-B982-4283-AF9A-A8A0F2FE0590}.Debug|Any CPU.Build.0 = Debug|Any CPU
		{6CBE6897-B982-4283-AF9A-A8A0F2FE0590}.Release|Any CPU.ActiveCfg = Release|Any CPU
		{6CBE6897-B982-4283-AF9A-A8A0F2FE0590}.Release|Any CPU.Build.0 = Release|Any CPU
	EndGlobalSection
	GlobalSection(SolutionProperties) = preSolution
		HideSolutionNode = FALSE
	EndGlobalSection
	GlobalSection(ExtensibilityGlobals) = postSolution
		SolutionGuid = {C778DB89-07A9-4C7C-9213-2168DA3D41D8}
	EndGlobalSection
EndGlobal
