
Microsoft Visual Studio Solution File, Format Version 12.00
# Visual Studio Version 16
VisualStudioVersion = 16.0.29806.167
MinimumVisualStudioVersion = 10.0.40219.1
Project("{9A19103F-16F7-4668-BE54-9A1E7A4F7556}") = "XP.SDK", "XP.SDK\XP.SDK.csproj", "{61C288D6-B470-4CCF-ADA3-C440C088B6F7}"
EndProject
Project("{9A19103F-16F7-4668-BE54-9A1E7A4F7556}") = "XP.Proxy", "XP.Proxy\XP.Proxy.csproj", "{7F996183-CECC-4FC1-8043-0C698E71DB8D}"
EndProject
Project("{9A19103F-16F7-4668-BE54-9A1E7A4F7556}") = "XP.SamplePlugin", "XP.SamplePlugin\XP.SamplePlugin.csproj", "{52C8F49E-61B8-4DDB-8748-9B0EFEB0BAF5}"
EndProject
Project("{9A19103F-16F7-4668-BE54-9A1E7A4F7556}") = "XP.SDK.OpenToolkit.Graphics", "XP.SDK.OpenToolkit.Graphics\XP.SDK.OpenToolkit.Graphics.csproj", "{14CFC4B0-56D1-490F-915C-BD1BD94D1BCE}"
EndProject
Project("{FAE04EC0-301F-11D3-BF4B-00C04F79EFBC}") = "XP.SDK.Silk.NET", "XP.SDK.Silk.NET\XP.SDK.Silk.NET.csproj", "{FC6D9779-8924-49DD-ABDE-C0C710246C13}"
EndProject
Global
	GlobalSection(SolutionConfigurationPlatforms) = preSolution
		Debug|Any CPU = Debug|Any CPU
		Release|Any CPU = Release|Any CPU
	EndGlobalSection
	GlobalSection(ProjectConfigurationPlatforms) = postSolution
		{61C288D6-B470-4CCF-ADA3-C440C088B6F7}.Debug|Any CPU.ActiveCfg = Debug|Any CPU
		{61C288D6-B470-4CCF-ADA3-C440C088B6F7}.Debug|Any CPU.Build.0 = Debug|Any CPU
		{61C288D6-B470-4CCF-ADA3-C440C088B6F7}.Release|Any CPU.ActiveCfg = Release|Any CPU
		{61C288D6-B470-4CCF-ADA3-C440C088B6F7}.Release|Any CPU.Build.0 = Release|Any CPU
		{7F996183-CECC-4FC1-8043-0C698E71DB8D}.Debug|Any CPU.ActiveCfg = Debug|Any CPU
		{7F996183-CECC-4FC1-8043-0C698E71DB8D}.Debug|Any CPU.Build.0 = Debug|Any CPU
		{7F996183-CECC-4FC1-8043-0C698E71DB8D}.Release|Any CPU.ActiveCfg = Release|Any CPU
		{7F996183-CECC-4FC1-8043-0C698E71DB8D}.Release|Any CPU.Build.0 = Release|Any CPU
		{52C8F49E-61B8-4DDB-8748-9B0EFEB0BAF5}.Debug|Any CPU.ActiveCfg = Debug|Any CPU
		{52C8F49E-61B8-4DDB-8748-9B0EFEB0BAF5}.Debug|Any CPU.Build.0 = Debug|Any CPU
		{52C8F49E-61B8-4DDB-8748-9B0EFEB0BAF5}.Release|Any CPU.ActiveCfg = Release|Any CPU
		{52C8F49E-61B8-4DDB-8748-9B0EFEB0BAF5}.Release|Any CPU.Build.0 = Release|Any CPU
		{14CFC4B0-56D1-490F-915C-BD1BD94D1BCE}.Debug|Any CPU.ActiveCfg = Debug|Any CPU
		{14CFC4B0-56D1-490F-915C-BD1BD94D1BCE}.Debug|Any CPU.Build.0 = Debug|Any CPU
		{14CFC4B0-56D1-490F-915C-BD1BD94D1BCE}.Release|Any CPU.ActiveCfg = Release|Any CPU
		{14CFC4B0-56D1-490F-915C-BD1BD94D1BCE}.Release|Any CPU.Build.0 = Release|Any CPU
		{FC6D9779-8924-49DD-ABDE-C0C710246C13}.Debug|Any CPU.ActiveCfg = Debug|Any CPU
		{FC6D9779-8924-49DD-ABDE-C0C710246C13}.Debug|Any CPU.Build.0 = Debug|Any CPU
		{FC6D9779-8924-49DD-ABDE-C0C710246C13}.Release|Any CPU.ActiveCfg = Release|Any CPU
		{FC6D9779-8924-49DD-ABDE-C0C710246C13}.Release|Any CPU.Build.0 = Release|Any CPU
	EndGlobalSection
	GlobalSection(SolutionProperties) = preSolution
		HideSolutionNode = FALSE
	EndGlobalSection
	GlobalSection(ExtensibilityGlobals) = postSolution
		SolutionGuid = {6E08FEE1-87A1-49C4-8E35-4F285F5DE6AE}
	EndGlobalSection
EndGlobal
